
Microsoft Visual Studio Solution File, Format Version 12.00
# Visual Studio Version 17
VisualStudioVersion = 17.9.34622.214
MinimumVisualStudioVersion = 10.0.40219.1
Project("{8BC9CEB8-8B4A-11D0-8D11-00A0C91BC942}") = "The Sims 2 Launcher", "The Sims 2 Launcher\The Sims 2 Launcher.vcxproj", "{84D4BB84-D1B4-4B8D-89F9-17894CFA6B55}"
EndProject
Project("{8BC9CEB8-8B4A-11D0-8D11-00A0C91BC942}") = "The Sims 1 Launcher", "The Sims 1 Launcher\The Sims 1 Launcher.vcxproj", "{8A0D2C5B-9B9B-41DF-8260-CF3C2B04DFBA}"
EndProject
Global
	GlobalSection(SolutionConfigurationPlatforms) = preSolution
		Release|x64 = Release|x64
		Release|x86 = Release|x86
	EndGlobalSection
	GlobalSection(ProjectConfigurationPlatforms) = postSolution
		{84D4BB84-D1B4-4B8D-89F9-17894CFA6B55}.Release|x64.ActiveCfg = Release|Win32
		{84D4BB84-D1B4-4B8D-89F9-17894CFA6B55}.Release|x86.ActiveCfg = Release|Win32
		{84D4BB84-D1B4-4B8D-89F9-17894CFA6B55}.Release|x86.Build.0 = Release|Win32
		{8A0D2C5B-9B9B-41DF-8260-CF3C2B04DFBA}.Release|x64.ActiveCfg = Release|Win32
		{8A0D2C5B-9B9B-41DF-8260-CF3C2B04DFBA}.Release|x86.ActiveCfg = Release|Win32
		{8A0D2C5B-9B9B-41DF-8260-CF3C2B04DFBA}.Release|x86.Build.0 = Release|Win32
	EndGlobalSection
	GlobalSection(SolutionProperties) = preSolution
		HideSolutionNode = FALSE
	EndGlobalSection
	GlobalSection(ExtensibilityGlobals) = postSolution
		SolutionGuid = {7195B942-F74E-4D48-A05D-43659C6DF270}
	EndGlobalSection
EndGlobal
